
Microsoft Visual Studio Solution File, Format Version 12.00
# Visual Studio Version 16
VisualStudioVersion = 16.0.30011.22
MinimumVisualStudioVersion = 10.0.40219.1
Project("{9A19103F-16F7-4668-BE54-9A1E7A4F7556}") = "dotnetcourse", "dotnetcourse.csproj", "{3D34EA23-4328-4C3B-9AFC-C3121D128955}"
EndProject
Global
	GlobalSection(SolutionConfigurationPlatforms) = preSolution
		Debug|Any CPU = Debug|Any CPU
		Release|Any CPU = Release|Any CPU
	EndGlobalSection
	GlobalSection(ProjectConfigurationPlatforms) = postSolution
		{3D34EA23-4328-4C3B-9AFC-C3121D128955}.Debug|Any CPU.ActiveCfg = Debug|Any CPU
		{3D34EA23-4328-4C3B-9AFC-C3121D128955}.Debug|Any CPU.Build.0 = Debug|Any CPU
		{3D34EA23-4328-4C3B-9AFC-C3121D128955}.Release|Any CPU.ActiveCfg = Release|Any CPU
		{3D34EA23-4328-4C3B-9AFC-C3121D128955}.Release|Any CPU.Build.0 = Release|Any CPU
	EndGlobalSection
	GlobalSection(SolutionProperties) = preSolution
		HideSolutionNode = FALSE
	EndGlobalSection
	GlobalSection(ExtensibilityGlobals) = postSolution
		SolutionGuid = {865B21F9-14E2-4900-9276-66C6FFF70901}
	EndGlobalSection
EndGlobal
